# THIS IS AN AUTOGENERATED FILE. DO NOT EDIT THIS FILE DIRECTLY.
# yarn lockfile v1


"@coreui/coreui-plugin-npm-postinstall@^1.0.2":
  version "1.0.2"
  resolved "https://registry.yarnpkg.com/@coreui/coreui-plugin-npm-postinstall/-/coreui-plugin-npm-postinstall-1.0.2.tgz#6daeb2ec786580d9c0849b05bc3e8d0222d5c463"
  integrity sha512-yeeoWp+bNS84nP1977Y8UCiQ9pssO+f4QuVj3i0/gYZFjjvOgxx0dnyWhtowD5sLYnCRMPlPpqyjwXze3SlkYg==

"@coreui/coreui@2.1.12":
  version "2.1.12"
  resolved "https://registry.yarnpkg.com/@coreui/coreui/-/coreui-2.1.12.tgz#778b03a59984becb5441410a7595f6a064d388cd"
  integrity sha512-wO2olnHWyvzW6CHaiU4oRq/tomuuHItiifcyU40UBN00vACjBUH4kpxfhZGGjwM031GRZRL6LnAWzwZb9wg8Lw==
  dependencies:
    "@coreui/coreui-plugin-npm-postinstall" "^1.0.2"
    bootstrap "^4.3.1"
    core-js "^3.1.3"
    regenerator-runtime "^0.13.2"

bootstrap@^3.3:
  version "3.4.1"
  resolved "https://registry.yarnpkg.com/bootstrap/-/bootstrap-3.4.1.tgz#c3a347d419e289ad11f4033e3c4132b87c081d72"
  integrity sha512-yN5oZVmRCwe5aKwzRj6736nSmKDX7pLYwsXiCj/EYmo16hODaBiT4En5btW/jhBF/seV+XMx3aYwukYC3A49DA==

bootstrap@^4.3.1:
  version "4.3.1"
  resolved "https://registry.yarnpkg.com/bootstrap/-/bootstrap-4.3.1.tgz#280ca8f610504d99d7b6b4bfc4b68cec601704ac"
  integrity sha512-rXqOmH1VilAt2DyPzluTi2blhk17bO7ef+zLLPlWvG494pDxcM234pJ8wTc/6R40UWizAIIMgxjvxZg5kmsbag==

core-js@^3.1.3:
  version "3.3.3"
  resolved "https://registry.yarnpkg.com/core-js/-/core-js-3.3.3.tgz#b7048d3c6c1a52b5fe55a729c1d4ccdffe0891bb"
  integrity sha512-0xmD4vUJRY8nfLyV9zcpC17FtSie5STXzw+HyYw2t8IIvmDnbq7RJUULECCo+NstpJtwK9kx8S+898iyqgeUow==

datatables-bootstrap3-plugin@^0.6.0:
  version "0.6.0"
  resolved "https://registry.yarnpkg.com/datatables-bootstrap3-plugin/-/datatables-bootstrap3-plugin-0.6.0.tgz#8674962ee7f5c8c82262e1656d8907162076c583"
  integrity sha512-IIy3uAZE3+lMVwbgRXC5vQ83osSqekfs+0W27y4YYQhRfzk1tssyalDV+fXlBbHTnwEny4E6kO42CxrBOXLTXg==
  dependencies:
    bootstrap "^3.3"
    datatables "^1.10"
    font-awesome "^4.7"
    jquery "^3.3"

datatables@^1.10:
  version "1.10.18"
  resolved "https://registry.yarnpkg.com/datatables/-/datatables-1.10.18.tgz#fee16e82aa70b17c5faf1a6954ac68f404f33a70"
  integrity sha512-ntatMgS9NN6UMpwbmO+QkYJuKlVeMA2Mi0Gu/QxyIh+dW7ZjLSDhPT2tWlzjpIWEkDYgieDzS9Nu7bdQCW0sbQ==
  dependencies:
    jquery ">=1.7"

font-awesome@^4.7, font-awesome@^4.7.0:
  version "4.7.0"
  resolved "https://registry.yarnpkg.com/font-awesome/-/font-awesome-4.7.0.tgz#8fa8cf0411a1a31afd07b06d2902bb9fc815a133"
  integrity sha1-j6jPBBGhoxr9B7BtKQK7n8gVoTM=

jquery@>=1.7, jquery@^3.3:
  version "3.5.1"
  resolved "https://registry.yarnpkg.com/jquery/-/jquery-3.5.1.tgz#d7b4d08e1bfdb86ad2f1a3d039ea17304717abb5"
  integrity sha512-XwIBPqcMn57FxfT+Go5pzySnm4KWkT1Tv7gjrpT1srtf8Weynl6R273VJ5GjkRb51IzMp5nbaPjJXMWeju2MKg==

jquery@^3.4.1:
  version "3.4.1"
  resolved "https://registry.yarnpkg.com/jquery/-/jquery-3.4.1.tgz#714f1f8d9dde4bdfa55764ba37ef214630d80ef2"
  integrity sha512-36+AdBzCL+y6qjw5Tx7HgzeGCzC81MDDgaUP8ld2zhx58HdqXGoBd+tHdrBMiyjGQs0Hxs/MLZTu/eHNJJuWPw==

popper.js@^1.16.0:
  version "1.16.0"
  resolved "https://registry.yarnpkg.com/popper.js/-/popper.js-1.16.0.tgz#2e1816bcbbaa518ea6c2e15a466f4cb9c6e2fbb3"
  integrity sha512-+G+EkOPoE5S/zChTpmBSSDYmhXJ5PsW8eMhH8cP/CQHMFPBG/kC9Y5IIw6qNYgdJ+/COf0ddY2li28iHaZRSjw==

regenerator-runtime@^0.13.2:
  version "0.13.3"
  resolved "https://registry.yarnpkg.com/regenerator-runtime/-/regenerator-runtime-0.13.3.tgz#7cf6a77d8f5c6f60eb73c5fc1955b2ceb01e6bf5"
  integrity sha512-naKIZz2GQ8JWh///G7L3X6LaQUAMp2lvb1rvwwsURe/VXwD6VMfr+/1NuNw3ag8v2kY1aQ/go5SNn79O9JU7yw==

simple-line-icons@^2.4.1:
  version "2.4.1"
  resolved "https://registry.yarnpkg.com/simple-line-icons/-/simple-line-icons-2.4.1.tgz#b75bc5a0d87e530928c2ccda5735274bb256f234"
  integrity sha1-t1vFoNh+UwkowszaVzUnS7JW8jQ=
